
Microsoft Visual Studio Solution File, Format Version 12.00
# Visual Studio 2013
VisualStudioVersion = 12.0.31101.0
MinimumVisualStudioVersion = 10.0.40219.1
Project("{FAE04EC0-301F-11D3-BF4B-00C04F79EFBC}") = "FinalASP", "FinalASP\FinalASP.csproj", "{BCB2B4AF-844E-4A29-9746-DAEA80837AC2}"
EndProject
Project("{FAE04EC0-301F-11D3-BF4B-00C04F79EFBC}") = "FinalASP.Tests", "FinalASP.Tests\FinalASP.Tests.csproj", "{DAF0DF72-1649-4250-B030-07B12B6520B8}"
EndProject
Global
	GlobalSection(SolutionConfigurationPlatforms) = preSolution
		Debug|Any CPU = Debug|Any CPU
		Release|Any CPU = Release|Any CPU
	EndGlobalSection
	GlobalSection(ProjectConfigurationPlatforms) = postSolution
		{BCB2B4AF-844E-4A29-9746-DAEA80837AC2}.Debug|Any CPU.ActiveCfg = Debug|Any CPU
		{BCB2B4AF-844E-4A29-9746-DAEA80837AC2}.Debug|Any CPU.Build.0 = Debug|Any CPU
		{BCB2B4AF-844E-4A29-9746-DAEA80837AC2}.Release|Any CPU.ActiveCfg = Release|Any CPU
		{BCB2B4AF-844E-4A29-9746-DAEA80837AC2}.Release|Any CPU.Build.0 = Release|Any CPU
		{DAF0DF72-1649-4250-B030-07B12B6520B8}.Debug|Any CPU.ActiveCfg = Debug|Any CPU
		{DAF0DF72-1649-4250-B030-07B12B6520B8}.Debug|Any CPU.Build.0 = Debug|Any CPU
		{DAF0DF72-1649-4250-B030-07B12B6520B8}.Release|Any CPU.ActiveCfg = Release|Any CPU
		{DAF0DF72-1649-4250-B030-07B12B6520B8}.Release|Any CPU.Build.0 = Release|Any CPU
	EndGlobalSection
	GlobalSection(SolutionProperties) = preSolution
		HideSolutionNode = FALSE
	EndGlobalSection
EndGlobal
